lockfileVersion: '9.0'

settings:
  autoInstallPeers: true
  excludeLinksFromLockfile: false

importers:

  .:
    dependencies:
      '@napi-rs/canvas':
        specifier: ^0.1.53
        version: 0.1.53
      '@octokit/rest':
        specifier: ^20.1.1
        version: 20.1.1
      axios:
        specifier: ^1.7.2
        version: 1.7.2
      chalk:
        specifier: ^4.1.2
        version: 4.1.2
      discord.js:
        specifier: ^14.15.3
        version: 14.15.3
      gif-encoder-2:
        specifier: ^1.0.5
        version: 1.0.5
      tsconfig-paths:
        specifier: ^4.2.0
        version: 4.2.0
      tsx:
        specifier: ^4.16.3
        version: 4.16.3
    devDependencies:
      '@types/node':
        specifier: ^20.14.11
        version: 20.14.11
      prettier:
        specifier: ^3.3.3
        version: 3.3.3

packages:

  '@discordjs/builders@1.8.2':
    resolution: {integrity: sha512-6wvG3QaCjtMu0xnle4SoOIeFB4y6fKMN6WZfy3BMKJdQQtPLik8KGzDwBVL/+wTtcE/ZlFjgEk74GublyEVZ7g==}
    engines: {node: '>=16.11.0'}

  '@discordjs/collection@1.5.3':
    resolution: {integrity: sha512-SVb428OMd3WO1paV3rm6tSjM4wC+Kecaa1EUGX7vc6/fddvw/6lg90z4QtCqm21zvVe92vMMDt9+DkIvjXImQQ==}
    engines: {node: '>=16.11.0'}

  '@discordjs/collection@2.1.0':
    resolution: {integrity: sha512-mLcTACtXUuVgutoznkh6hS3UFqYirDYAg5Dc1m8xn6OvPjetnUlf/xjtqnnc47OwWdaoCQnHmHh9KofhD6uRqw==}
    engines: {node: '>=18'}

  '@discordjs/formatters@0.4.0':
    resolution: {integrity: sha512-fJ06TLC1NiruF35470q3Nr1bi95BdvKFAF+T5bNfZJ4bNdqZ3VZ+Ttg6SThqTxm6qumSG3choxLBHMC69WXNXQ==}
    engines: {node: '>=16.11.0'}

  '@discordjs/rest@2.3.0':
    resolution: {integrity: sha512-C1kAJK8aSYRv3ZwMG8cvrrW4GN0g5eMdP8AuN8ODH5DyOCbHgJspze1my3xHOAgwLJdKUbWNVyAeJ9cEdduqIg==}
    engines: {node: '>=16.11.0'}

  '@discordjs/util@1.1.0':
    resolution: {integrity: sha512-IndcI5hzlNZ7GS96RV3Xw1R2kaDuXEp7tRIy/KlhidpN/BQ1qh1NZt3377dMLTa44xDUNKT7hnXkA/oUAzD/lg==}
    engines: {node: '>=16.11.0'}

  '@discordjs/ws@1.1.1':
    resolution: {integrity: sha512-PZ+vLpxGCRtmr2RMkqh8Zp+BenUaJqlS6xhgWKEZcgC/vfHLEzpHtKkB0sl3nZWpwtcKk6YWy+pU3okL2I97FA==}
    engines: {node: '>=16.11.0'}

  '@esbuild/aix-ppc64@0.21.5':
    resolution: {integrity: sha512-1SDgH6ZSPTlggy1yI6+Dbkiz8xzpHJEVAlF/AM1tHPLsf5STom9rwtjE4hKAF20FfXXNTFqEYXyJNWh1GiZedQ==}
    engines: {node: '>=12'}
    cpu: [ppc64]
    os: [aix]

  '@esbuild/android-arm64@0.21.5':
    resolution: {integrity: sha512-c0uX9VAUBQ7dTDCjq+wdyGLowMdtR/GoC2U5IYk/7D1H1JYC0qseD7+11iMP2mRLN9RcCMRcjC4YMclCzGwS/A==}
    engines: {node: '>=12'}
    cpu: [arm64]
    os: [android]

  '@esbuild/android-arm@0.21.5':
    resolution: {integrity: sha512-vCPvzSjpPHEi1siZdlvAlsPxXl7WbOVUBBAowWug4rJHb68Ox8KualB+1ocNvT5fjv6wpkX6o/iEpbDrf68zcg==}
    engines: {node: '>=12'}
    cpu: [arm]
    os: [android]

  '@esbuild/android-x64@0.21.5':
    resolution: {integrity: sha512-D7aPRUUNHRBwHxzxRvp856rjUHRFW1SdQATKXH2hqA0kAZb1hKmi02OpYRacl0TxIGz/ZmXWlbZgjwWYaCakTA==}
    engines: {node: '>=12'}
    cpu: [x64]
    os: [android]

  '@esbuild/darwin-arm64@0.21.5':
    resolution: {integrity: sha512-DwqXqZyuk5AiWWf3UfLiRDJ5EDd49zg6O9wclZ7kUMv2WRFr4HKjXp/5t8JZ11QbQfUS6/cRCKGwYhtNAY88kQ==}
    engines: {node: '>=12'}
    cpu: [arm64]
    os: [darwin]

  '@esbuild/darwin-x64@0.21.5':
    resolution: {integrity: sha512-se/JjF8NlmKVG4kNIuyWMV/22ZaerB+qaSi5MdrXtd6R08kvs2qCN4C09miupktDitvh8jRFflwGFBQcxZRjbw==}
    engines: {node: '>=12'}
    cpu: [x64]
    os: [darwin]

  '@esbuild/freebsd-arm64@0.21.5':
    resolution: {integrity: sha512-5JcRxxRDUJLX8JXp/wcBCy3pENnCgBR9bN6JsY4OmhfUtIHe3ZW0mawA7+RDAcMLrMIZaf03NlQiX9DGyB8h4g==}
    engines: {node: '>=12'}
    cpu: [arm64]
    os: [freebsd]

  '@esbuild/freebsd-x64@0.21.5':
    resolution: {integrity: sha512-J95kNBj1zkbMXtHVH29bBriQygMXqoVQOQYA+ISs0/2l3T9/kj42ow2mpqerRBxDJnmkUDCaQT/dfNXWX/ZZCQ==}
    engines: {node: '>=12'}
    cpu: [x64]
    os: [freebsd]

  '@esbuild/linux-arm64@0.21.5':
    resolution: {integrity: sha512-ibKvmyYzKsBeX8d8I7MH/TMfWDXBF3db4qM6sy+7re0YXya+K1cem3on9XgdT2EQGMu4hQyZhan7TeQ8XkGp4Q==}
    engines: {node: '>=12'}
    cpu: [arm64]
    os: [linux]

  '@esbuild/linux-arm@0.21.5':
    resolution: {integrity: sha512-bPb5AHZtbeNGjCKVZ9UGqGwo8EUu4cLq68E95A53KlxAPRmUyYv2D6F0uUI65XisGOL1hBP5mTronbgo+0bFcA==}
    engines: {node: '>=12'}
    cpu: [arm]
    os: [linux]

  '@esbuild/linux-ia32@0.21.5':
    resolution: {integrity: sha512-YvjXDqLRqPDl2dvRODYmmhz4rPeVKYvppfGYKSNGdyZkA01046pLWyRKKI3ax8fbJoK5QbxblURkwK/MWY18Tg==}
    engines: {node: '>=12'}
    cpu: [ia32]
    os: [linux]

  '@esbuild/linux-loong64@0.21.5':
    resolution: {integrity: sha512-uHf1BmMG8qEvzdrzAqg2SIG/02+4/DHB6a9Kbya0XDvwDEKCoC8ZRWI5JJvNdUjtciBGFQ5PuBlpEOXQj+JQSg==}
    engines: {node: '>=12'}
    cpu: [loong64]
    os: [linux]

  '@esbuild/linux-mips64el@0.21.5':
    resolution: {integrity: sha512-IajOmO+KJK23bj52dFSNCMsz1QP1DqM6cwLUv3W1QwyxkyIWecfafnI555fvSGqEKwjMXVLokcV5ygHW5b3Jbg==}
    engines: {node: '>=12'}
    cpu: [mips64el]
    os: [linux]

  '@esbuild/linux-ppc64@0.21.5':
    resolution: {integrity: sha512-1hHV/Z4OEfMwpLO8rp7CvlhBDnjsC3CttJXIhBi+5Aj5r+MBvy4egg7wCbe//hSsT+RvDAG7s81tAvpL2XAE4w==}
    engines: {node: '>=12'}
    cpu: [ppc64]
    os: [linux]

  '@esbuild/linux-riscv64@0.21.5':
    resolution: {integrity: sha512-2HdXDMd9GMgTGrPWnJzP2ALSokE/0O5HhTUvWIbD3YdjME8JwvSCnNGBnTThKGEB91OZhzrJ4qIIxk/SBmyDDA==}
    engines: {node: '>=12'}
    cpu: [riscv64]
    os: [linux]

  '@esbuild/linux-s390x@0.21.5':
    resolution: {integrity: sha512-zus5sxzqBJD3eXxwvjN1yQkRepANgxE9lgOW2qLnmr8ikMTphkjgXu1HR01K4FJg8h1kEEDAqDcZQtbrRnB41A==}
    engines: {node: '>=12'}
    cpu: [s390x]
    os: [linux]

  '@esbuild/linux-x64@0.21.5':
    resolution: {integrity: sha512-1rYdTpyv03iycF1+BhzrzQJCdOuAOtaqHTWJZCWvijKD2N5Xu0TtVC8/+1faWqcP9iBCWOmjmhoH94dH82BxPQ==}
    engines: {node: '>=12'}
    cpu: [x64]
    os: [linux]

  '@esbuild/netbsd-x64@0.21.5':
    resolution: {integrity: sha512-Woi2MXzXjMULccIwMnLciyZH4nCIMpWQAs049KEeMvOcNADVxo0UBIQPfSmxB3CWKedngg7sWZdLvLczpe0tLg==}
    engines: {node: '>=12'}
    cpu: [x64]
    os: [netbsd]

  '@esbuild/openbsd-x64@0.21.5':
    resolution: {integrity: sha512-HLNNw99xsvx12lFBUwoT8EVCsSvRNDVxNpjZ7bPn947b8gJPzeHWyNVhFsaerc0n3TsbOINvRP2byTZ5LKezow==}
    engines: {node: '>=12'}
    cpu: [x64]
    os: [openbsd]

  '@esbuild/sunos-x64@0.21.5':
    resolution: {integrity: sha512-6+gjmFpfy0BHU5Tpptkuh8+uw3mnrvgs+dSPQXQOv3ekbordwnzTVEb4qnIvQcYXq6gzkyTnoZ9dZG+D4garKg==}
    engines: {node: '>=12'}
    cpu: [x64]
    os: [sunos]

  '@esbuild/win32-arm64@0.21.5':
    resolution: {integrity: sha512-Z0gOTd75VvXqyq7nsl93zwahcTROgqvuAcYDUr+vOv8uHhNSKROyU961kgtCD1e95IqPKSQKH7tBTslnS3tA8A==}
    engines: {node: '>=12'}
    cpu: [arm64]
    os: [win32]

  '@esbuild/win32-ia32@0.21.5':
    resolution: {integrity: sha512-SWXFF1CL2RVNMaVs+BBClwtfZSvDgtL//G/smwAc5oVK/UPu2Gu9tIaRgFmYFFKrmg3SyAjSrElf0TiJ1v8fYA==}
    engines: {node: '>=12'}
    cpu: [ia32]
    os: [win32]

  '@esbuild/win32-x64@0.21.5':
    resolution: {integrity: sha512-tQd/1efJuzPC6rCFwEvLtci/xNFcTZknmXs98FYDfGE4wP9ClFV98nyKrzJKVPMhdDnjzLhdUyMX4PsQAPjwIw==}
    engines: {node: '>=12'}
    cpu: [x64]
    os: [win32]

  '@napi-rs/canvas-android-arm64@0.1.53':
    resolution: {integrity: sha512-2YhxfVsZguATlRWE0fZdTx35SE9+r5D7HV5GPNDataZOKmHf+zZ5//dspuuBSbOriQdoicaFrgXKCUqI0pK3WQ==}
    engines: {node: '>= 10'}
    cpu: [arm64]
    os: [android]

  '@napi-rs/canvas-darwin-arm64@0.1.53':
    resolution: {integrity: sha512-ls+CWLMusf4RAGo5BvIIzA6dNcc0elwVp6LKjHfQECHA8KKmvdB58YuE5BQcTlb2rzk0SEKtBC/Th3NI2oNdfg==}
    engines: {node: '>= 10'}
    cpu: [arm64]
    os: [darwin]

  '@napi-rs/canvas-darwin-x64@0.1.53':
    resolution: {integrity: sha512-ZAgcoCH5+5OKS2P8Lxx+jbkAPKkyLD2x6OvSrHg1U6ppdxmLA+CkJlRl8w45HCXwuyIiP7OeymECRtiNYTwznQ==}
    engines: {node: '>= 10'}
    cpu: [x64]
    os: [darwin]

  '@napi-rs/canvas-linux-arm-gnueabihf@0.1.53':
    resolution: {integrity: sha512-p9km/3C/loDxu3AvA8/vtpIS1BGMd/Ehkl2Iu/v/Gw8N/KUIt3HUvTS7AKApyVE28bxTfq96wJQjtcT8jzDncw==}
    engines: {node: '>= 10'}
    cpu: [arm]
    os: [linux]

  '@napi-rs/canvas-linux-arm64-gnu@0.1.53':
    resolution: {integrity: sha512-QKK+sykEiYwjwd+ogyLcpcnH38DNZ8KViBlnfEpoGA2Wa+21/cWQKfMxnbgb/rbvm5tazJinZcihFvH577WQ5g==}
    engines: {node: '>= 10'}
    cpu: [arm64]
    os: [linux]

  '@napi-rs/canvas-linux-arm64-musl@0.1.53':
    resolution: {integrity: sha512-2N41U0X8RnrTKzpTtPv1ozlYkJtPsUdbfF3uP/KEd/BsULGd8Y8ghkGMS6CM+821au4ex0dPrWOOdT9wC1rSqQ==}
    engines: {node: '>= 10'}
    cpu: [arm64]
    os: [linux]

  '@napi-rs/canvas-linux-x64-gnu@0.1.53':
    resolution: {integrity: sha512-7XjuTvDKCODtf/vMwF43VGDrjfgwYKgS91ggdcX3UrJaBYWyWu/+eqNvNj+zdXSe/0x+YOjf5jG4m8xIXdBMQA==}
    engines: {node: '>= 10'}
    cpu: [x64]
    os: [linux]

  '@napi-rs/canvas-linux-x64-musl@0.1.53':
    resolution: {integrity: sha512-970WEvB8vmj+uxvgdBZ+AGFV7uq9GJhXrqG5PGQ5lWciHX0P0d/OhS2F7TITgFR0LsKDQZ7XQgzMxsYOfwZ0FQ==}
    engines: {node: '>= 10'}
    cpu: [x64]
    os: [linux]

  '@napi-rs/canvas-win32-x64-msvc@0.1.53':
    resolution: {integrity: sha512-rLFQCSJaWg/sv54Aap9nAhaodi4Vyb4un50EgW+PNkk8icMziU6KLRKirGBdQr9ZdxnshAPeQXD1g2ArStujKA==}
    engines: {node: '>= 10'}
    cpu: [x64]
    os: [win32]

  '@napi-rs/canvas@0.1.53':
    resolution: {integrity: sha512-XsEZi97+kKykmAiPpY+IpZoHxJY1srqFZp8jDt1/RySzC0kB0iZYt/VMIFqQKpLCARZjD7SOAz2AULtwYlesCA==}
    engines: {node: '>= 10'}

  '@octokit/auth-token@4.0.0':
    resolution: {integrity: sha512-tY/msAuJo6ARbK6SPIxZrPBms3xPbfwBrulZe0Wtr/DIY9lje2HeV1uoebShn6mx7SjCHif6EjMvoREj+gZ+SA==}
    engines: {node: '>= 18'}

  '@octokit/core@5.0.2':
    resolution: {integrity: sha512-cZUy1gUvd4vttMic7C0lwPed8IYXWYp8kHIMatyhY8t8n3Cpw2ILczkV5pGMPqef7v0bLo0pOHrEHarsau2Ydg==}
    engines: {node: '>= 18'}

  '@octokit/endpoint@9.0.4':
    resolution: {integrity: sha512-DWPLtr1Kz3tv8L0UvXTDP1fNwM0S+z6EJpRcvH66orY6Eld4XBMCSYsaWp4xIm61jTWxK68BrR7ibO+vSDnZqw==}
    engines: {node: '>= 18'}

  '@octokit/graphql@7.0.2':
    resolution: {integrity: sha512-OJ2iGMtj5Tg3s6RaXH22cJcxXRi7Y3EBqbHTBRq+PQAqfaS8f/236fUrWhfSn8P4jovyzqucxme7/vWSSZBX2Q==}
    engines: {node: '>= 18'}

  '@octokit/openapi-types@19.1.0':
    resolution: {integrity: sha512-6G+ywGClliGQwRsjvqVYpklIfa7oRPA0vyhPQG/1Feh+B+wU0vGH1JiJ5T25d3g1JZYBHzR2qefLi9x8Gt+cpw==}

  '@octokit/openapi-types@22.2.0':
    resolution: {integrity: sha512-QBhVjcUa9W7Wwhm6DBFu6ZZ+1/t/oYxqc2tp81Pi41YNuJinbFRx8B133qVOrAaBbF7D/m0Et6f9/pZt9Rc+tg==}

  '@octokit/plugin-paginate-rest@11.3.1':
    resolution: {integrity: sha512-ryqobs26cLtM1kQxqeZui4v8FeznirUsksiA+RYemMPJ7Micju0WSkv50dBksTuZks9O5cg4wp+t8fZ/cLY56g==}
    engines: {node: '>= 18'}
    peerDependencies:
      '@octokit/core': '5'

  '@octokit/plugin-request-log@4.0.0':
    resolution: {integrity: sha512-2uJI1COtYCq8Z4yNSnM231TgH50bRkheQ9+aH8TnZanB6QilOnx8RMD2qsnamSOXtDj0ilxvevf5fGsBhBBzKA==}
    engines: {node: '>= 18'}
    peerDependencies:
      '@octokit/core': '>=5'

  '@octokit/plugin-rest-endpoint-methods@13.2.2':
    resolution: {integrity: sha512-EI7kXWidkt3Xlok5uN43suK99VWqc8OaIMktY9d9+RNKl69juoTyxmLoWPIZgJYzi41qj/9zU7G/ljnNOJ5AFA==}
    engines: {node: '>= 18'}
    peerDependencies:
      '@octokit/core': ^5

  '@octokit/request-error@5.0.1':
    resolution: {integrity: sha512-X7pnyTMV7MgtGmiXBwmO6M5kIPrntOXdyKZLigNfQWSEQzVxR4a4vo49vJjTWX70mPndj8KhfT4Dx+2Ng3vnBQ==}
    engines: {node: '>= 18'}

  '@octokit/request@8.1.6':
    resolution: {integrity: sha512-YhPaGml3ncZC1NfXpP3WZ7iliL1ap6tLkAp6MvbK2fTTPytzVUyUesBBogcdMm86uRYO5rHaM1xIWxigWZ17MQ==}
    engines: {node: '>= 18'}

  '@octokit/rest@20.1.1':
    resolution: {integrity: sha512-MB4AYDsM5jhIHro/dq4ix1iWTLGToIGk6cWF5L6vanFaMble5jTX/UBQyiv05HsWnwUtY8JrfHy2LWfKwihqMw==}
    engines: {node: '>= 18'}

  '@octokit/types@12.4.0':
    resolution: {integrity: sha512-FLWs/AvZllw/AGVs+nJ+ELCDZZJk+kY0zMen118xhL2zD0s1etIUHm1odgjP7epxYU1ln7SZxEUWYop5bhsdgQ==}

  '@octokit/types@13.5.0':
    resolution: {integrity: sha512-HdqWTf5Z3qwDVlzCrP8UJquMwunpDiMPt5er+QjGzL4hqr/vBVY/MauQgS1xWxCDT1oMx1EULyqxncdCY/NVSQ==}

  '@sapphire/async-queue@1.5.2':
    resolution: {integrity: sha512-7X7FFAA4DngXUl95+hYbUF19bp1LGiffjJtu7ygrZrbdCSsdDDBaSjB7Akw0ZbOu6k0xpXyljnJ6/RZUvLfRdg==}
    engines: {node: '>=v14.0.0', npm: '>=7.0.0'}

  '@sapphire/shapeshift@3.9.7':
    resolution: {integrity: sha512-4It2mxPSr4OGn4HSQWGmhFMsNFGfFVhWeRPCRwbH972Ek2pzfGRZtb0pJ4Ze6oIzcyh2jw7nUDa6qGlWofgd9g==}
    engines: {node: '>=v16'}

  '@sapphire/snowflake@3.5.3':
    resolution: {integrity: sha512-jjmJywLAFoWeBi1W7994zZyiNWPIiqRRNAmSERxyg93xRGzNYvGjlZ0gR6x0F4gPRi2+0O6S71kOZYyr3cxaIQ==}
    engines: {node: '>=v14.0.0', npm: '>=7.0.0'}

  '@types/node@20.14.11':
    resolution: {integrity: sha512-kprQpL8MMeszbz6ojB5/tU8PLN4kesnN8Gjzw349rDlNgsSzg90lAVj3llK99Dh7JON+t9AuscPPFW6mPbTnSA==}

  '@types/ws@8.5.10':
    resolution: {integrity: sha512-vmQSUcfalpIq0R9q7uTo2lXs6eGIpt9wtnLdMv9LVpIjCA/+ufZRozlVoVelIYixx1ugCBKDhn89vnsEGOCx9A==}

  '@vladfrangu/async_event_emitter@2.2.4':
    resolution: {integrity: sha512-ButUPz9E9cXMLgvAW8aLAKKJJsPu1dY1/l/E8xzLFuysowXygs6GBcyunK9rnGC4zTsnIc2mQo71rGw9U+Ykug==}
    engines: {node: '>=v14.0.0', npm: '>=7.0.0'}

  ansi-styles@4.3.0:
    resolution: {integrity: sha512-zbB9rCJAT1rbjiVDb2hqKFHNYLxgtk8NURxZ3IZwD3F6NtxbXZQCnnSi1Lkx+IDohdPlFp222wVALIheZJQSEg==}
    engines: {node: '>=8'}

  asynckit@0.4.0:
    resolution: {integrity: sha512-Oei9OH4tRh0YqU3GxhX79dM/mwVgvbZJaSNaRk+bshkj0S5cfHcgYakreBjrHwatXKbz+IoIdYLxrKim2MjW0Q==}

  axios@1.7.2:
    resolution: {integrity: sha512-2A8QhOMrbomlDuiLeK9XibIBzuHeRcqqNOHp0Cyp5EoJ1IFDh+XZH3A6BkXtv0K4gFGCI0Y4BM7B1wOEi0Rmgw==}

  before-after-hook@2.2.3:
    resolution: {integrity: sha512-NzUnlZexiaH/46WDhANlyR2bXRopNg4F/zuSA3OpZnllCUgRaOF2znDioDWrmbNVsuZk6l9pMquQB38cfBZwkQ==}

  chalk@4.1.2:
    resolution: {integrity: sha512-oKnbhFyRIXpUuez8iBMmyEa4nbj4IOQyuhc/wy9kY7/WVPcwIO9VA668Pu8RkO7+0G76SLROeyw9CpQ061i4mA==}
    engines: {node: '>=10'}

  color-convert@2.0.1:
    resolution: {integrity: sha512-RRECPsj7iu/xb5oKYcsFHSppFNnsj/52OVTRKb4zP5onXwVF3zVmmToNcOfGC+CRDpfK/U584fMg38ZHCaElKQ==}
    engines: {node: '>=7.0.0'}

  color-name@1.1.4:
    resolution: {integrity: sha512-dOy+3AuW3a2wNbZHIuMZpTcgjGuLU/uBL/ubcZF9OXbDo8ff4O8yVp5Bf0efS8uEoYo5q4Fx7dY9OgQGXgAsQA==}

  combined-stream@1.0.8:
    resolution: {integrity: sha512-FQN4MRfuJeHf7cBbBMJFXhKSDq+2kAArBlmRBvcvFE5BB1HZKXtSFASDhdlz9zOYwxh8lDdnvmMOe/+5cdoEdg==}
    engines: {node: '>= 0.8'}

  delayed-stream@1.0.0:
    resolution: {integrity: sha512-ZySD7Nf91aLB0RxL4KGrKHBXl7Eds1DAmEdcoVawXnLD7SDhpNgtuII2aAkg7a7QS41jxPSZ17p4VdGnMHk3MQ==}
    engines: {node: '>=0.4.0'}

  deprecation@2.3.1:
    resolution: {integrity: sha512-xmHIy4F3scKVwMsQ4WnVaS8bHOx0DmVwRywosKhaILI0ywMDWPtBSku2HNxRvF7jtwDRsoEwYQSfbxj8b7RlJQ==}

  discord-api-types@0.37.83:
    resolution: {integrity: sha512-urGGYeWtWNYMKnYlZnOnDHm8fVRffQs3U0SpE8RHeiuLKb/u92APS8HoQnPTFbnXmY1vVnXjXO4dOxcAn3J+DA==}

  discord.js@14.15.3:
    resolution: {integrity: sha512-/UJDQO10VuU6wQPglA4kz2bw2ngeeSbogiIPx/TsnctfzV/tNf+q+i1HlgtX1OGpeOBpJH9erZQNO5oRM2uAtQ==}
    engines: {node: '>=16.11.0'}

  esbuild@0.21.5:
    resolution: {integrity: sha512-mg3OPMV4hXywwpoDxu3Qda5xCKQi+vCTZq8S9J/EpkhB2HzKXq4SNFZE3+NK93JYxc8VMSep+lOUSC/RVKaBqw==}
    engines: {node: '>=12'}
    hasBin: true

  fast-deep-equal@3.1.3:
    resolution: {integrity: sha512-f3qQ9oQy9j2AhBe/H9VC91wLmKBCCU/gDOnKNAYG5hswO7BLKj09Hc5HYNz9cGI++xlpDCIgDaitVs03ATR84Q==}

  follow-redirects@1.15.6:
    resolution: {integrity: sha512-wWN62YITEaOpSK584EZXJafH1AGpO8RVgElfkuXbTOrPX4fIfOyEpW/CsiNd8JdYrAoOvafRTOEnvsO++qCqFA==}
    engines: {node: '>=4.0'}
    peerDependencies:
      debug: '*'
    peerDependenciesMeta:
      debug:
        optional: true

  form-data@4.0.0:
    resolution: {integrity: sha512-ETEklSGi5t0QMZuiXoA/Q6vcnxcLQP5vdugSpuAyi6SVGi2clPPp+xgEhuMaHC+zGgn31Kd235W35f7Hykkaww==}
    engines: {node: '>= 6'}

  fsevents@2.3.3:
    resolution: {integrity: sha512-5xoDfX+fL7faATnagmWPpbFtwh/R77WmMMqqHGS65C3vvB0YHrgF+B1YmZ3441tMj5n63k0212XNoJwzlhffQw==}
    engines: {node: ^8.16.0 || ^10.6.0 || >=11.0.0}
    os: [darwin]

  get-tsconfig@4.7.6:
    resolution: {integrity: sha512-ZAqrLlu18NbDdRaHq+AKXzAmqIUPswPWKUchfytdAjiRFnCe5ojG2bstg6mRiZabkKfCoL/e98pbBELIV/YCeA==}

  gif-encoder-2@1.0.5:
    resolution: {integrity: sha512-fsRAKbZuUoZ7FYGjpFElmflTkKwsn/CzAmL/xDl4558aTAgysIDCUF6AXWO8dmai/ApfZACbPVAM+vPezJXlFg==}

  has-flag@4.0.0:
    resolution: {integrity: sha512-EykJT/Q1KjTWctppgIAgfSO0tKVuZUjhgMr17kqTumMl6Afv3EISleU7qZUzoXDFTAHTDC4NOoG/ZxU3EvlMPQ==}
    engines: {node: '>=8'}

  json5@2.2.3:
    resolution: {integrity: sha512-XmOWe7eyHYH14cLdVPoyg+GOH3rYX++KpzrylJwSW98t3Nk+U8XOl8FWKOgwtzdb8lXGf6zYwDUzeHMWfxasyg==}
    engines: {node: '>=6'}
    hasBin: true

  lodash.snakecase@4.1.1:
    resolution: {integrity: sha512-QZ1d4xoBHYUeuouhEq3lk3Uq7ldgyFXGBhg04+oRLnIz8o9T65Eh+8YdroUwn846zchkA9yDsDl5CVVaV2nqYw==}

  lodash@4.17.21:
    resolution: {integrity: sha512-v2kDEe57lecTulaDIuNTPy3Ry4gLGJ6Z1O3vE1krgXZNrsQ+LFTGHVxVjcXPs17LhbZVGedAJv8XZ1tvj5FvSg==}

  magic-bytes.js@1.10.0:
    resolution: {integrity: sha512-/k20Lg2q8LE5xiaaSkMXk4sfvI+9EGEykFS4b0CHHGWqDYU0bGUFSwchNOMA56D7TCs9GwVTkqe9als1/ns8UQ==}

  mime-db@1.52.0:
    resolution: {integrity: sha512-sPU4uV7dYlvtWJxwwxHD0PuihVNiE7TyAbQ5SWxDCB9mUYvOgroQOwYQQOKPJ8CIbE+1ETVlOoK1UC2nU3gYvg==}
    engines: {node: '>= 0.6'}

  mime-types@2.1.35:
    resolution: {integrity: sha512-ZDY+bPm5zTTF+YpCrAU9nK0UgICYPT0QtT1NZWFv4s++TNkcgVaT0g6+4R2uI4MjQjzysHB1zxuWL50hzaeXiw==}
    engines: {node: '>= 0.6'}

  minimist@1.2.8:
    resolution: {integrity: sha512-2yyAR8qBkN3YuheJanUpWC5U3bb5osDywNB8RzDVlDwDHbocAJveqqj1u8+SVD7jkWT4yvsHCpWqqWqAxb0zCA==}

  once@1.4.0:
    resolution: {integrity: sha512-lNaJgI+2Q5URQBkccEKHTQOPaXdUxnZZElQTZY0MFUAuaEqe1E+Nyvgdz/aIyNi6Z9MzO5dv1H8n58/GELp3+w==}

  prettier@3.3.3:
    resolution: {integrity: sha512-i2tDNA0O5IrMO757lfrdQZCc2jPNDVntV0m/+4whiDfWaTKfMNgR7Qz0NAeGz/nRqF4m5/6CLzbP4/liHt12Ew==}
    engines: {node: '>=14'}
    hasBin: true

  proxy-from-env@1.1.0:
    resolution: {integrity: sha512-D+zkORCbA9f1tdWRK0RaCR3GPv50cMxcrz4X8k5LTSUD1Dkw47mKJEZQNunItRTkWwgtaUSo1RVFRIG9ZXiFYg==}

  resolve-pkg-maps@1.0.0:
    resolution: {integrity: sha512-seS2Tj26TBVOC2NIc2rOe2y2ZO7efxITtLZcGSOnHHNOQ7CkiUBfw0Iw2ck6xkIhPwLhKNLS8BO+hEpngQlqzw==}

  strip-bom@3.0.0:
    resolution: {integrity: sha512-vavAMRXOgBVNF6nyEEmL3DBK19iRpDcoIwW+swQ+CbGiu7lju6t+JklA1MHweoWtadgt4ISVUsXLyDq34ddcwA==}
    engines: {node: '>=4'}

  supports-color@7.2.0:
    resolution: {integrity: sha512-qpCAvRl9stuOHveKsn7HncJRvv501qIacKzQlO/+Lwxc9+0q2wLyv4Dfvt80/DPn2pqOBsJdDiogXGR9+OvwRw==}
    engines: {node: '>=8'}

  ts-mixer@6.0.4:
    resolution: {integrity: sha512-ufKpbmrugz5Aou4wcr5Wc1UUFWOLhq+Fm6qa6P0w0K5Qw2yhaUoiWszhCVuNQyNwrlGiscHOmqYoAox1PtvgjA==}

  tsconfig-paths@4.2.0:
    resolution: {integrity: sha512-NoZ4roiN7LnbKn9QqE1amc9DJfzvZXxF4xDavcOWt1BPkdx+m+0gJuPM+S0vCe7zTJMYUP0R8pO2XMr+Y8oLIg==}
    engines: {node: '>=6'}

  tslib@2.6.2:
    resolution: {integrity: sha512-AEYxH93jGFPn/a2iVAwW87VuUIkR1FVUKB77NwMF7nBTDkDrrT/Hpt/IrCJ0QXhW27jTBDcf5ZY7w6RiqTMw2Q==}

  tsx@4.16.3:
    resolution: {integrity: sha512-MP8AEUxVnboD2rCC6kDLxnpDBNWN9k3BSVU/0/nNxgm70bPBnfn+yCKcnOsIVPQwdkbKYoFOlKjjWZWJ2XCXUg==}
    engines: {node: '>=18.0.0'}
    hasBin: true

  undici-types@5.26.5:
    resolution: {integrity: sha512-JlCMO+ehdEIKqlFxk6IfVoAUVmgz7cU7zD/h9XZ0qzeosSHmUJVOzSQvvYSYWXkFXC+IfLKSIffhv0sVZup6pA==}

  undici@6.13.0:
    resolution: {integrity: sha512-Q2rtqmZWrbP8nePMq7mOJIN98M0fYvSgV89vwl/BQRT4mDOeY2GXZngfGpcBBhtky3woM7G24wZV3Q304Bv6cw==}
    engines: {node: '>=18.0'}

  universal-user-agent@6.0.1:
    resolution: {integrity: sha512-yCzhz6FN2wU1NiiQRogkTQszlQSlpWaw8SvVegAc+bDxbzHgh1vX8uIe8OYyMH6DwH+sdTJsgMl36+mSMdRJIQ==}

  wrappy@1.0.2:
    resolution: {integrity: sha512-l4Sp/DRseor9wL6EvV2+TuQn63dMkPjZ/sp9XkghTEbV9KlPS1xUsZ3u7/IQO4wxtcFB4bgpQPRcR3QCvezPcQ==}

  ws@8.17.0:
    resolution: {integrity: sha512-uJq6108EgZMAl20KagGkzCKfMEjxmKvZHG7Tlq0Z6nOky7YF7aq4mOx6xK8TJ/i1LeK4Qus7INktacctDgY8Ow==}
    engines: {node: '>=10.0.0'}
    peerDependencies:
      bufferutil: ^4.0.1
      utf-8-validate: '>=5.0.2'
    peerDependenciesMeta:
      bufferutil:
        optional: true
      utf-8-validate:
        optional: true

snapshots:

  '@discordjs/builders@1.8.2':
    dependencies:
      '@discordjs/formatters': 0.4.0
      '@discordjs/util': 1.1.0
      '@sapphire/shapeshift': 3.9.7
      discord-api-types: 0.37.83
      fast-deep-equal: 3.1.3
      ts-mixer: 6.0.4
      tslib: 2.6.2

  '@discordjs/collection@1.5.3': {}

  '@discordjs/collection@2.1.0': {}

  '@discordjs/formatters@0.4.0':
    dependencies:
      discord-api-types: 0.37.83

  '@discordjs/rest@2.3.0':
    dependencies:
      '@discordjs/collection': 2.1.0
      '@discordjs/util': 1.1.0
      '@sapphire/async-queue': 1.5.2
      '@sapphire/snowflake': 3.5.3
      '@vladfrangu/async_event_emitter': 2.2.4
      discord-api-types: 0.37.83
      magic-bytes.js: 1.10.0
      tslib: 2.6.2
      undici: 6.13.0

  '@discordjs/util@1.1.0': {}

  '@discordjs/ws@1.1.1':
    dependencies:
      '@discordjs/collection': 2.1.0
      '@discordjs/rest': 2.3.0
      '@discordjs/util': 1.1.0
      '@sapphire/async-queue': 1.5.2
      '@types/ws': 8.5.10
      '@vladfrangu/async_event_emitter': 2.2.4
      discord-api-types: 0.37.83
      tslib: 2.6.2
      ws: 8.17.0
    transitivePeerDependencies:
      - bufferutil
      - utf-8-validate

  '@esbuild/aix-ppc64@0.21.5':
    optional: true

  '@esbuild/android-arm64@0.21.5':
    optional: true

  '@esbuild/android-arm@0.21.5':
    optional: true

  '@esbuild/android-x64@0.21.5':
    optional: true

  '@esbuild/darwin-arm64@0.21.5':
    optional: true

  '@esbuild/darwin-x64@0.21.5':
    optional: true

  '@esbuild/freebsd-arm64@0.21.5':
    optional: true

  '@esbuild/freebsd-x64@0.21.5':
    optional: true

  '@esbuild/linux-arm64@0.21.5':
    optional: true

  '@esbuild/linux-arm@0.21.5':
    optional: true

  '@esbuild/linux-ia32@0.21.5':
    optional: true

  '@esbuild/linux-loong64@0.21.5':
    optional: true

  '@esbuild/linux-mips64el@0.21.5':
    optional: true

  '@esbuild/linux-ppc64@0.21.5':
    optional: true

  '@esbuild/linux-riscv64@0.21.5':
    optional: true

  '@esbuild/linux-s390x@0.21.5':
    optional: true

  '@esbuild/linux-x64@0.21.5':
    optional: true

  '@esbuild/netbsd-x64@0.21.5':
    optional: true

  '@esbuild/openbsd-x64@0.21.5':
    optional: true

  '@esbuild/sunos-x64@0.21.5':
    optional: true

  '@esbuild/win32-arm64@0.21.5':
    optional: true

  '@esbuild/win32-ia32@0.21.5':
    optional: true

  '@esbuild/win32-x64@0.21.5':
    optional: true

  '@napi-rs/canvas-android-arm64@0.1.53':
    optional: true

  '@napi-rs/canvas-darwin-arm64@0.1.53':
    optional: true

  '@napi-rs/canvas-darwin-x64@0.1.53':
    optional: true

  '@napi-rs/canvas-linux-arm-gnueabihf@0.1.53':
    optional: true

  '@napi-rs/canvas-linux-arm64-gnu@0.1.53':
    optional: true

  '@napi-rs/canvas-linux-arm64-musl@0.1.53':
    optional: true

  '@napi-rs/canvas-linux-x64-gnu@0.1.53':
    optional: true

  '@napi-rs/canvas-linux-x64-musl@0.1.53':
    optional: true

  '@napi-rs/canvas-win32-x64-msvc@0.1.53':
    optional: true

  '@napi-rs/canvas@0.1.53':
    optionalDependencies:
      '@napi-rs/canvas-android-arm64': 0.1.53
      '@napi-rs/canvas-darwin-arm64': 0.1.53
      '@napi-rs/canvas-darwin-x64': 0.1.53
      '@napi-rs/canvas-linux-arm-gnueabihf': 0.1.53
      '@napi-rs/canvas-linux-arm64-gnu': 0.1.53
      '@napi-rs/canvas-linux-arm64-musl': 0.1.53
      '@napi-rs/canvas-linux-x64-gnu': 0.1.53
      '@napi-rs/canvas-linux-x64-musl': 0.1.53
      '@napi-rs/canvas-win32-x64-msvc': 0.1.53

  '@octokit/auth-token@4.0.0': {}

  '@octokit/core@5.0.2':
    dependencies:
      '@octokit/auth-token': 4.0.0
      '@octokit/graphql': 7.0.2
      '@octokit/request': 8.1.6
      '@octokit/request-error': 5.0.1
      '@octokit/types': 12.4.0
      before-after-hook: 2.2.3
      universal-user-agent: 6.0.1

  '@octokit/endpoint@9.0.4':
    dependencies:
      '@octokit/types': 12.4.0
      universal-user-agent: 6.0.1

  '@octokit/graphql@7.0.2':
    dependencies:
      '@octokit/request': 8.1.6
      '@octokit/types': 12.4.0
      universal-user-agent: 6.0.1

  '@octokit/openapi-types@19.1.0': {}

  '@octokit/openapi-types@22.2.0': {}

  '@octokit/plugin-paginate-rest@11.3.1(@octokit/core@5.0.2)':
    dependencies:
      '@octokit/core': 5.0.2
      '@octokit/types': 13.5.0

  '@octokit/plugin-request-log@4.0.0(@octokit/core@5.0.2)':
    dependencies:
      '@octokit/core': 5.0.2

  '@octokit/plugin-rest-endpoint-methods@13.2.2(@octokit/core@5.0.2)':
    dependencies:
      '@octokit/core': 5.0.2
      '@octokit/types': 13.5.0

  '@octokit/request-error@5.0.1':
    dependencies:
      '@octokit/types': 12.4.0
      deprecation: 2.3.1
      once: 1.4.0

  '@octokit/request@8.1.6':
    dependencies:
      '@octokit/endpoint': 9.0.4
      '@octokit/request-error': 5.0.1
      '@octokit/types': 12.4.0
      universal-user-agent: 6.0.1

  '@octokit/rest@20.1.1':
    dependencies:
      '@octokit/core': 5.0.2
      '@octokit/plugin-paginate-rest': 11.3.1(@octokit/core@5.0.2)
      '@octokit/plugin-request-log': 4.0.0(@octokit/core@5.0.2)
      '@octokit/plugin-rest-endpoint-methods': 13.2.2(@octokit/core@5.0.2)

  '@octokit/types@12.4.0':
    dependencies:
      '@octokit/openapi-types': 19.1.0

  '@octokit/types@13.5.0':
    dependencies:
      '@octokit/openapi-types': 22.2.0

  '@sapphire/async-queue@1.5.2': {}

  '@sapphire/shapeshift@3.9.7':
    dependencies:
      fast-deep-equal: 3.1.3
      lodash: 4.17.21

  '@sapphire/snowflake@3.5.3': {}

  '@types/node@20.14.11':
    dependencies:
      undici-types: 5.26.5

  '@types/ws@8.5.10':
    dependencies:
      '@types/node': 20.14.11

  '@vladfrangu/async_event_emitter@2.2.4': {}

  ansi-styles@4.3.0:
    dependencies:
      color-convert: 2.0.1

  asynckit@0.4.0: {}

  axios@1.7.2:
    dependencies:
      follow-redirects: 1.15.6
      form-data: 4.0.0
      proxy-from-env: 1.1.0
    transitivePeerDependencies:
      - debug

  before-after-hook@2.2.3: {}

  chalk@4.1.2:
    dependencies:
      ansi-styles: 4.3.0
      supports-color: 7.2.0

  color-convert@2.0.1:
    dependencies:
      color-name: 1.1.4

  color-name@1.1.4: {}

  combined-stream@1.0.8:
    dependencies:
      delayed-stream: 1.0.0

  delayed-stream@1.0.0: {}

  deprecation@2.3.1: {}

  discord-api-types@0.37.83: {}

  discord.js@14.15.3:
    dependencies:
      '@discordjs/builders': 1.8.2
      '@discordjs/collection': 1.5.3
      '@discordjs/formatters': 0.4.0
      '@discordjs/rest': 2.3.0
      '@discordjs/util': 1.1.0
      '@discordjs/ws': 1.1.1
      '@sapphire/snowflake': 3.5.3
      discord-api-types: 0.37.83
      fast-deep-equal: 3.1.3
      lodash.snakecase: 4.1.1
      tslib: 2.6.2
      undici: 6.13.0
    transitivePeerDependencies:
      - bufferutil
      - utf-8-validate

  esbuild@0.21.5:
    optionalDependencies:
      '@esbuild/aix-ppc64': 0.21.5
      '@esbuild/android-arm': 0.21.5
      '@esbuild/android-arm64': 0.21.5
      '@esbuild/android-x64': 0.21.5
      '@esbuild/darwin-arm64': 0.21.5
      '@esbuild/darwin-x64': 0.21.5
      '@esbuild/freebsd-arm64': 0.21.5
      '@esbuild/freebsd-x64': 0.21.5
      '@esbuild/linux-arm': 0.21.5
      '@esbuild/linux-arm64': 0.21.5
      '@esbuild/linux-ia32': 0.21.5
      '@esbuild/linux-loong64': 0.21.5
      '@esbuild/linux-mips64el': 0.21.5
      '@esbuild/linux-ppc64': 0.21.5
      '@esbuild/linux-riscv64': 0.21.5
      '@esbuild/linux-s390x': 0.21.5
      '@esbuild/linux-x64': 0.21.5
      '@esbuild/netbsd-x64': 0.21.5
      '@esbuild/openbsd-x64': 0.21.5
      '@esbuild/sunos-x64': 0.21.5
      '@esbuild/win32-arm64': 0.21.5
      '@esbuild/win32-ia32': 0.21.5
      '@esbuild/win32-x64': 0.21.5

  fast-deep-equal@3.1.3: {}

  follow-redirects@1.15.6: {}

  form-data@4.0.0:
    dependencies:
      asynckit: 0.4.0
      combined-stream: 1.0.8
      mime-types: 2.1.35

  fsevents@2.3.3:
    optional: true

  get-tsconfig@4.7.6:
    dependencies:
      resolve-pkg-maps: 1.0.0

  gif-encoder-2@1.0.5: {}

  has-flag@4.0.0: {}

  json5@2.2.3: {}

  lodash.snakecase@4.1.1: {}

  lodash@4.17.21: {}

  magic-bytes.js@1.10.0: {}

  mime-db@1.52.0: {}

  mime-types@2.1.35:
    dependencies:
      mime-db: 1.52.0

  minimist@1.2.8: {}

  once@1.4.0:
    dependencies:
      wrappy: 1.0.2

  prettier@3.3.3: {}

  proxy-from-env@1.1.0: {}

  resolve-pkg-maps@1.0.0: {}

  strip-bom@3.0.0: {}

  supports-color@7.2.0:
    dependencies:
      has-flag: 4.0.0

  ts-mixer@6.0.4: {}

  tsconfig-paths@4.2.0:
    dependencies:
      json5: 2.2.3
      minimist: 1.2.8
      strip-bom: 3.0.0

  tslib@2.6.2: {}

  tsx@4.16.3:
    dependencies:
      esbuild: 0.21.5
      get-tsconfig: 4.7.6
    optionalDependencies:
      fsevents: 2.3.3

  undici-types@5.26.5: {}

  undici@6.13.0: {}

  universal-user-agent@6.0.1: {}

  wrappy@1.0.2: {}

  ws@8.17.0: {}
